
Microsoft Visual Studio Solution File, Format Version 12.00
# Visual Studio Version 17
VisualStudioVersion = 17.12.35514.174
MinimumVisualStudioVersion = 10.0.40219.1
Project("{2150E333-8FDC-42A3-9474-1A3956D46DE8}") = "Web", "Web", "{9492908E-CA9B-44B2-BE32-986DBF6CAE05}"
EndProject
Project("{FAE04EC0-301F-11D3-BF4B-00C04F79EFBC}") = "SnipEx.Web", "SnipEx.Web\SnipEx.Web.csproj", "{A0263DD9-0474-482A-8D95-FA3D798F4AF5}"
EndProject
Project("{2150E333-8FDC-42A3-9474-1A3956D46DE8}") = "Data", "Data", "{2DD52EA5-136B-43F6-9F65-BEB84CD9A300}"
EndProject
Project("{FAE04EC0-301F-11D3-BF4B-00C04F79EFBC}") = "SnipEx.Data", "SnipEx.Data\SnipEx.Data.csproj", "{4E23400E-F146-4BC7-A58F-85C2997D5DC1}"
EndProject
Project("{FAE04EC0-301F-11D3-BF4B-00C04F79EFBC}") = "SnipEx.Data.Models", "SnipEx.Data.Models\SnipEx.Data.Models.csproj", "{BF494923-F688-49E7-A435-F337BA37B4FE}"
EndProject
Project("{FAE04EC0-301F-11D3-BF4B-00C04F79EFBC}") = "SnipEx.Common", "SnipEx.Common\SnipEx.Common.csproj", "{A48BF24C-E653-4899-A1B7-4A87E1426336}"
EndProject
Project("{FAE04EC0-301F-11D3-BF4B-00C04F79EFBC}") = "SnipEx.Web.Infrastructure", "SnipEx.Web.Infrastructure\SnipEx.Web.Infrastructure.csproj", "{0758E28C-5287-4B25-BEE3-5CA0AF5F32F7}"
EndProject
Project("{FAE04EC0-301F-11D3-BF4B-00C04F79EFBC}") = "SnipEx.Web.ViewModels", "SnipEx.Web.ViewModels\SnipEx.Web.ViewModels.csproj", "{523D9161-9B34-409B-AE54-BD6577F30D3B}"
EndProject
Project("{2150E333-8FDC-42A3-9474-1A3956D46DE8}") = "Services", "Services", "{026A6ADD-B5E7-471F-BD54-8FCCE8B4D051}"
EndProject
Project("{FAE04EC0-301F-11D3-BF4B-00C04F79EFBC}") = "SnipEx.Services.Data", "SnipEx.Services.Data\SnipEx.Services.Data.csproj", "{AD07DE04-2884-4B28-AA54-DAE537650649}"
EndProject
Project("{FAE04EC0-301F-11D3-BF4B-00C04F79EFBC}") = "SnipEx.Services.Mapping", "SnipEx.Services.Mapping\SnipEx.Services.Mapping.csproj", "{64E6A058-3341-4456-904F-F7317BF41736}"
EndProject
Project("{FAE04EC0-301F-11D3-BF4B-00C04F79EFBC}") = "SnipEx.WebApi", "SnipEx.WebApi\SnipEx.WebApi.csproj", "{ABAE5A9A-1BA1-4094-8DFA-9D69F164E9C4}"
EndProject
Project("{FAE04EC0-301F-11D3-BF4B-00C04F79EFBC}") = "SnipEx.Services.Mediator", "SnipEx.Services.Mediator\SnipEx.Services.Mediator.csproj", "{D352581D-51CF-4D5A-81A9-846399B09676}"
EndProject
Global
	GlobalSection(SolutionConfigurationPlatforms) = preSolution
		Debug|Any CPU = Debug|Any CPU
		Release|Any CPU = Release|Any CPU
	EndGlobalSection
	GlobalSection(ProjectConfigurationPlatforms) = postSolution
		{A0263DD9-0474-482A-8D95-FA3D798F4AF5}.Debug|Any CPU.ActiveCfg = Debug|Any CPU
		{A0263DD9-0474-482A-8D95-FA3D798F4AF5}.Debug|Any CPU.Build.0 = Debug|Any CPU
		{A0263DD9-0474-482A-8D95-FA3D798F4AF5}.Release|Any CPU.ActiveCfg = Release|Any CPU
		{A0263DD9-0474-482A-8D95-FA3D798F4AF5}.Release|Any CPU.Build.0 = Release|Any CPU
		{4E23400E-F146-4BC7-A58F-85C2997D5DC1}.Debug|Any CPU.ActiveCfg = Debug|Any CPU
		{4E23400E-F146-4BC7-A58F-85C2997D5DC1}.Debug|Any CPU.Build.0 = Debug|Any CPU
		{4E23400E-F146-4BC7-A58F-85C2997D5DC1}.Release|Any CPU.ActiveCfg = Release|Any CPU
		{4E23400E-F146-4BC7-A58F-85C2997D5DC1}.Release|Any CPU.Build.0 = Release|Any CPU
		{BF494923-F688-49E7-A435-F337BA37B4FE}.Debug|Any CPU.ActiveCfg = Debug|Any CPU
		{BF494923-F688-49E7-A435-F337BA37B4FE}.Debug|Any CPU.Build.0 = Debug|Any CPU
		{BF494923-F688-49E7-A435-F337BA37B4FE}.Release|Any CPU.ActiveCfg = Release|Any CPU
		{BF494923-F688-49E7-A435-F337BA37B4FE}.Release|Any CPU.Build.0 = Release|Any CPU
		{A48BF24C-E653-4899-A1B7-4A87E1426336}.Debug|Any CPU.ActiveCfg = Debug|Any CPU
		{A48BF24C-E653-4899-A1B7-4A87E1426336}.Debug|Any CPU.Build.0 = Debug|Any CPU
		{A48BF24C-E653-4899-A1B7-4A87E1426336}.Release|Any CPU.ActiveCfg = Release|Any CPU
		{A48BF24C-E653-4899-A1B7-4A87E1426336}.Release|Any CPU.Build.0 = Release|Any CPU
		{0758E28C-5287-4B25-BEE3-5CA0AF5F32F7}.Debug|Any CPU.ActiveCfg = Debug|Any CPU
		{0758E28C-5287-4B25-BEE3-5CA0AF5F32F7}.Debug|Any CPU.Build.0 = Debug|Any CPU
		{0758E28C-5287-4B25-BEE3-5CA0AF5F32F7}.Release|Any CPU.ActiveCfg = Release|Any CPU
		{0758E28C-5287-4B25-BEE3-5CA0AF5F32F7}.Release|Any CPU.Build.0 = Release|Any CPU
		{523D9161-9B34-409B-AE54-BD6577F30D3B}.Debug|Any CPU.ActiveCfg = Debug|Any CPU
		{523D9161-9B34-409B-AE54-BD6577F30D3B}.Debug|Any CPU.Build.0 = Debug|Any CPU
		{523D9161-9B34-409B-AE54-BD6577F30D3B}.Release|Any CPU.ActiveCfg = Release|Any CPU
		{523D9161-9B34-409B-AE54-BD6577F30D3B}.Release|Any CPU.Build.0 = Release|Any CPU
		{AD07DE04-2884-4B28-AA54-DAE537650649}.Debug|Any CPU.ActiveCfg = Debug|Any CPU
		{AD07DE04-2884-4B28-AA54-DAE537650649}.Debug|Any CPU.Build.0 = Debug|Any CPU
		{AD07DE04-2884-4B28-AA54-DAE537650649}.Release|Any CPU.ActiveCfg = Release|Any CPU
		{AD07DE04-2884-4B28-AA54-DAE537650649}.Release|Any CPU.Build.0 = Release|Any CPU
		{64E6A058-3341-4456-904F-F7317BF41736}.Debug|Any CPU.ActiveCfg = Debug|Any CPU
		{64E6A058-3341-4456-904F-F7317BF41736}.Debug|Any CPU.Build.0 = Debug|Any CPU
		{64E6A058-3341-4456-904F-F7317BF41736}.Release|Any CPU.ActiveCfg = Release|Any CPU
		{64E6A058-3341-4456-904F-F7317BF41736}.Release|Any CPU.Build.0 = Release|Any CPU
		{ABAE5A9A-1BA1-4094-8DFA-9D69F164E9C4}.Debug|Any CPU.ActiveCfg = Debug|Any CPU
		{ABAE5A9A-1BA1-4094-8DFA-9D69F164E9C4}.Debug|Any CPU.Build.0 = Debug|Any CPU
		{ABAE5A9A-1BA1-4094-8DFA-9D69F164E9C4}.Release|Any CPU.ActiveCfg = Release|Any CPU
		{ABAE5A9A-1BA1-4094-8DFA-9D69F164E9C4}.Release|Any CPU.Build.0 = Release|Any CPU
		{D352581D-51CF-4D5A-81A9-846399B09676}.Debug|Any CPU.ActiveCfg = Debug|Any CPU
		{D352581D-51CF-4D5A-81A9-846399B09676}.Debug|Any CPU.Build.0 = Debug|Any CPU
		{D352581D-51CF-4D5A-81A9-846399B09676}.Release|Any CPU.ActiveCfg = Release|Any CPU
		{D352581D-51CF-4D5A-81A9-846399B09676}.Release|Any CPU.Build.0 = Release|Any CPU
	EndGlobalSection
	GlobalSection(SolutionProperties) = preSolution
		HideSolutionNode = FALSE
	EndGlobalSection
	GlobalSection(NestedProjects) = preSolution
		{A0263DD9-0474-482A-8D95-FA3D798F4AF5} = {9492908E-CA9B-44B2-BE32-986DBF6CAE05}
		{4E23400E-F146-4BC7-A58F-85C2997D5DC1} = {2DD52EA5-136B-43F6-9F65-BEB84CD9A300}
		{BF494923-F688-49E7-A435-F337BA37B4FE} = {2DD52EA5-136B-43F6-9F65-BEB84CD9A300}
		{0758E28C-5287-4B25-BEE3-5CA0AF5F32F7} = {9492908E-CA9B-44B2-BE32-986DBF6CAE05}
		{523D9161-9B34-409B-AE54-BD6577F30D3B} = {9492908E-CA9B-44B2-BE32-986DBF6CAE05}
		{AD07DE04-2884-4B28-AA54-DAE537650649} = {026A6ADD-B5E7-471F-BD54-8FCCE8B4D051}
		{64E6A058-3341-4456-904F-F7317BF41736} = {026A6ADD-B5E7-471F-BD54-8FCCE8B4D051}
		{ABAE5A9A-1BA1-4094-8DFA-9D69F164E9C4} = {9492908E-CA9B-44B2-BE32-986DBF6CAE05}
		{D352581D-51CF-4D5A-81A9-846399B09676} = {026A6ADD-B5E7-471F-BD54-8FCCE8B4D051}
	EndGlobalSection
EndGlobal
